{
  "requires": true,
  "lockfileVersion": 1,
  "dependencies": {
    "angular": {
      "version": "1.7.9",
      "resolved": "https://registry.npmjs.org/angular/-/angular-1.7.9.tgz",
      "integrity": "sha512-5se7ZpcOtu0MBFlzGv5dsM1quQDoDeUTwZrWjGtTNA7O88cD8TEk5IEKCTDa3uECV9XnvKREVUr7du1ACiWGFQ=="
    },
    "axios": {
      "version": "0.19.2",
      "resolved": "https://registry.npmjs.org/axios/-/axios-0.19.2.tgz",
      "integrity": "sha512-fjgm5MvRHLhx+osE2xoekY70AhARk3a6hkN+3Io1jc00jtquGvxYlKlsFUhmUET0V5te6CcZI7lcv2Ym61mjHA==",
      "requires": {
        "follow-redirects": "1.5.10"
      }
    },
    "checkbox": {
      "version": "0.0.1",
      "resolved": "https://registry.npmjs.org/checkbox/-/checkbox-0.0.1.tgz",
      "integrity": "sha1-xAfX5R7iGDvulX28NJYOPADQ0WU=",
      "requires": {
        "angular": "1.x"
      }
    },
    "debug": {
      "version": "3.1.0",
      "resolved": "https://registry.npmjs.org/debug/-/debug-3.1.0.tgz",
      "integrity": "sha512-OX8XqP7/1a9cqkxYw2yXss15f26NKWBpDXQd0/uK/KPqdQhxbPa994hnzjcE2VqQpDslf55723cKPUOGSmMY3g==",
      "requires": {
        "ms": "2.0.0"
      }
    },
    "follow-redirects": {
      "version": "1.5.10",
      "resolved": "https://registry.npmjs.org/follow-redirects/-/follow-redirects-1.5.10.tgz",
      "integrity": "sha512-0V5l4Cizzvqt5D44aTXbFZz+FtyXV1vrDN6qrelxtfYQKW0KO0W2T/hkE8xvGa/540LkZlkaUjO4ailYTFtHVQ==",
      "requires": {
        "debug": "=3.1.0"
      }
    },
    "leaflet-engine": {
      "version": "0.4.5",
      "resolved": "https://registry.npmjs.org/leaflet-engine/-/leaflet-engine-0.4.5.tgz",
      "integrity": "sha1-VpKoOSGBT5CH7KJIV1QHR0WNSiQ="
    },
    "leaflet-markercluster": {
      "version": "0.2.2",
      "resolved": "https://registry.npmjs.org/leaflet-markercluster/-/leaflet-markercluster-0.2.2.tgz",
      "integrity": "sha1-KaSHazyam2Mafx9iiXU7j3TyKQw=",
      "requires": {
        "leaflet-engine": ">=0.4.2"
      }
    },
    "leaflet.markercluster": {
      "version": "1.4.1",
      "resolved": "https://registry.npmjs.org/leaflet.markercluster/-/leaflet.markercluster-1.4.1.tgz",
      "integrity": "sha512-ZSEpE/EFApR0bJ1w/dUGwTSUvWlpalKqIzkaYdYB7jaftQA/Y2Jav+eT4CMtEYFj+ZK4mswP13Q2acnPBnhGOw=="
    },
    "ms": {
      "version": "2.0.0",
      "resolved": "https://registry.npmjs.org/ms/-/ms-2.0.0.tgz",
      "integrity": "sha1-VgiurfwAvmwpAd9fmGF4jeDVl8g="
    },
    "omit": {
      "version": "1.0.1",
      "resolved": "https://registry.npmjs.org/omit/-/omit-1.0.1.tgz",
      "integrity": "sha1-BYoBtLbbEoezbstY36jhh3iVgBc="
    }
  }
}
